
Microsoft Visual Studio Solution File, Format Version 12.00
# Visual Studio Version 17
VisualStudioVersion = 17.12.35527.113 d17.12
MinimumVisualStudioVersion = 10.0.40219.1
Project("{FAE04EC0-301F-11D3-BF4B-00C04F79EFBC}") = "Assignment_2.1", "Assignment_02\Assignment_2.1.csproj", "{87A5A021-250D-4729-BA38-9D064C4A3344}"
EndProject
Project("{FAE04EC0-301F-11D3-BF4B-00C04F79EFBC}") = "Assignment_2.2", "Assignment_2.2\Assignment_2.2.csproj", "{4EF47B98-4019-4934-B952-5AF300A049EE}"
EndProject
Global
	GlobalSection(SolutionConfigurationPlatforms) = preSolution
		Debug|Any CPU = Debug|Any CPU
		Release|Any CPU = Release|Any CPU
	EndGlobalSection
	GlobalSection(ProjectConfigurationPlatforms) = postSolution
		{87A5A021-250D-4729-BA38-9D064C4A3344}.Debug|Any CPU.ActiveCfg = Debug|Any CPU
		{87A5A021-250D-4729-BA38-9D064C4A3344}.Debug|Any CPU.Build.0 = Debug|Any CPU
		{87A5A021-250D-4729-BA38-9D064C4A3344}.Release|Any CPU.ActiveCfg = Release|Any CPU
		{87A5A021-250D-4729-BA38-9D064C4A3344}.Release|Any CPU.Build.0 = Release|Any CPU
		{4EF47B98-4019-4934-B952-5AF300A049EE}.Debug|Any CPU.ActiveCfg = Debug|Any CPU
		{4EF47B98-4019-4934-B952-5AF300A049EE}.Debug|Any CPU.Build.0 = Debug|Any CPU
		{4EF47B98-4019-4934-B952-5AF300A049EE}.Release|Any CPU.ActiveCfg = Release|Any CPU
		{4EF47B98-4019-4934-B952-5AF300A049EE}.Release|Any CPU.Build.0 = Release|Any CPU
	EndGlobalSection
	GlobalSection(SolutionProperties) = preSolution
		HideSolutionNode = FALSE
	EndGlobalSection
EndGlobal
